// !$*UTF8*$!
{
	archiveVersion = 1;
	classes = {
	};
	objectVersion = 50;
	objects = {

/* Begin PBXBuildFile section */
		64498DFE225F22D100AD670B /* AppDelegate.swift in Sources */ = {isa = PBXBuildFile; fileRef = 64498DFD225F22D100AD670B /* AppDelegate.swift */; };
		64498E00225F22D100AD670B /* ViewController.swift in Sources */ = {isa = PBXBuildFile; fileRef = 64498DFF225F22D100AD670B /* ViewController.swift */; };
		64498E03225F22D100AD670B /* Main.storyboard in Resources */ = {isa = PBXBuildFile; fileRef = 64498E01225F22D100AD670B /* Main.storyboard */; };
		64498E05225F22D300AD670B /* Assets.xcassets in Resources */ = {isa = PBXBuildFile; fileRef = 64498E04225F22D300AD670B /* Assets.xcassets */; };
		64498E08225F22D300AD670B /* LaunchScreen.storyboard in Resources */ = {isa = PBXBuildFile; fileRef = 64498E06225F22D300AD670B /* LaunchScreen.storyboard */; };
		64498E10225F357900AD670B /* LineView.swift in Sources */ = {isa = PBXBuildFile; fileRef = 64498E0F225F357900AD670B /* LineView.swift */; };
		64498E12225F361400AD670B /* DotView.swift in Sources */ = {isa = PBXBuildFile; fileRef = 64498E11225F361400AD670B /* DotView.swift */; };
/* End PBXBuildFile section */

/* Begin PBXFileReference section */
		64498DFA225F22D100AD670B /* Connect the dots.app */ = {isa = PBXFileReference; explicitFileType = wrapper.application; includeInIndex = 0; path = "Connect the dots.app"; sourceTree = BUILT_PRODUCTS_DIR; };
		64498DFD225F22D100AD670B /* AppDelegate.swift */ = {isa = PBXFileReference; lastKnownFileType = sourcecode.swift; path = AppDelegate.swift; sourceTree = "<group>"; };
		64498DFF225F22D100AD670B /* ViewController.swift */ = {isa = PBXFileReference; lastKnownFileType = sourcecode.swift; path = ViewController.swift; sourceTree = "<group>"; };
		64498E02225F22D100AD670B /* Base */ = {isa = PBXFileReference; lastKnownFileType = file.storyboard; name = Base; path = Base.lproj/Main.storyboard; sourceTree = "<group>"; };
		64498E04225F22D300AD670B /* Assets.xcassets */ = {isa = PBXFileReference; lastKnownFileType = folder.assetcatalog; path = Assets.xcassets; sourceTree = "<group>"; };
		64498E07225F22D300AD670B /* Base */ = {isa = PBXFileReference; lastKnownFileType = file.storyboard; name = Base; path = Base.lproj/LaunchScreen.storyboard; sourceTree = "<group>"; };
		64498E09225F22D300AD670B /* Info.plist */ = {isa = PBXFileReference; lastKnownFileType = text.plist.xml; path = Info.plist; sourceTree = "<group>"; };
		64498E0F225F357900AD670B /* LineView.swift */ = {isa = PBXFileReference; lastKnownFileType = sourcecode.swift; path = LineView.swift; sourceTree = "<group>"; };
		64498E11225F361400AD670B /* DotView.swift */ = {isa = PBXFileReference; lastKnownFileType = sourcecode.swift; path = DotView.swift; sourceTree = "<group>"; };
/* End PBXFileReference section */

/* Begin PBXFrameworksBuildPhase section */
		64498DF7225F22D100AD670B /* Frameworks */ = {
			isa = PBXFrameworksBuildPhase;
			buildActionMask = 2147483647;
			files = (
			);
			runOnlyForDeploymentPostprocessing = 0;
		};
/* End PBXFrameworksBuildPhase section */

/* Begin PBXGroup section */
		64498DF1225F22D100AD670B = {
			isa = PBXGroup;
			children = (
				64498DFC225F22D100AD670B /* Connect the dots */,
				64498DFB225F22D100AD670B /* Products */,
			);
			sourceTree = "<group>";
		};
		64498DFB225F22D100AD670B /* Products */ = {
			isa = PBXGroup;
			children = (
				64498DFA225F22D100AD670B /* Connect the dots.app */,
			);
			name = Products;
			sourceTree = "<group>";
		};
		64498DFC225F22D100AD670B /* Connect the dots */ = {
			isa = PBXGroup;
			children = (
				64498DFD225F22D100AD670B /* AppDelegate.swift */,
				64498DFF225F22D100AD670B /* ViewController.swift */,
				64498E01225F22D100AD670B /* Main.storyboard */,
				64498E04225F22D300AD670B /* Assets.xcassets */,
				64498E06225F22D300AD670B /* LaunchScreen.storyboard */,
				64498E09225F22D300AD670B /* Info.plist */,
				64498E0F225F357900AD670B /* LineView.swift */,
				64498E11225F361400AD670B /* DotView.swift */,
			);
			path = "Connect the dots";
			sourceTree = "<group>";
		};
/* End PBXGroup section */

/* Begin PBXNativeTarget section */
		64498DF9225F22D100AD670B /* Connect the dots */ = {
			isa = PBXNativeTarget;
			buildConfigurationList = 64498E0C225F22D300AD670B /* Build configuration list for PBXNativeTarget "Connect the dots" */;
			buildPhases = (
				64498DF6225F22D100AD670B /* Sources */,
				64498DF7225F22D100AD670B /* Frameworks */,
				64498DF8225F22D100AD670B /* Resources */,
			);
			buildRules = (
			);
			dependencies = (
			);
			name = "Connect the dots";
			productName = "Connect the dots";
			productReference = 64498DFA225F22D100AD670B /* Connect the dots.app */;
			productType = "com.apple.product-type.application";
		};
/* End PBXNativeTarget section */

/* Begin PBXProject section */
		64498DF2225F22D100AD670B /* Project object */ = {
			isa = PBXProject;
			attributes = {
				LastSwiftUpdateCheck = 1020;
				LastUpgradeCheck = 1020;
				ORGANIZATIONNAME = "Elisabeth Roozen";
				TargetAttributes = {
					64498DF9225F22D100AD670B = {
						CreatedOnToolsVersion = 10.2;
					};
				};
			};
			buildConfigurationList = 64498DF5225F22D100AD670B /* Build configuration list for PBXProject "Connect the dots" */;
			compatibilityVersion = "Xcode 9.3";
			developmentRegion = en;
			hasScannedForEncodings = 0;
			knownRegions = (
				en,
				Base,
			);
			mainGroup = 64498DF1225F22D100AD670B;
			productRefGroup = 64498DFB225F22D100AD670B /* Products */;
			projectDirPath = "";
			projectRoot = "";
			targets = (
				64498DF9225F22D100AD670B /* Connect the dots */,
			);
		};
/* End PBXProject section */

/* Begin PBXResourcesBuildPhase section */
		64498DF8225F22D100AD670B /* Resources */ = {
			isa = PBXResourcesBuildPhase;
			buildActionMask = 2147483647;
			files = (
				64498E08225F22D300AD670B /* LaunchScreen.storyboard in Resources */,
				64498E05225F22D300AD670B /* Assets.xcassets in Resources */,
				64498E03225F22D100AD670B /* Main.storyboard in Resources */,
			);
			runOnlyForDeploymentPostprocessing = 0;
		};
/* End PBXResourcesBuildPhase section */

/* Begin PBXSourcesBuildPhase section */
		64498DF6225F22D100AD670B /* Sources */ = {
			isa = PBXSourcesBuildPhase;
			buildActionMask = 2147483647;
			files = (
				64498E00225F22D100AD670B /* ViewController.swift in Sources */,
				64498DFE225F22D100AD670B /* AppDelegate.swift in Sources */,
				64498E12225F361400AD670B /* DotView.swift in Sources */,
				64498E10225F357900AD670B /* LineView.swift in Sources */,
			);
			runOnlyForDeploymentPostprocessing = 0;
		};
/* End PBXSourcesBuildPhase section */

/* Begin PBXVariantGroup section */
		64498E01225F22D100AD670B /* Main.storyboard */ = {
			isa = PBXVariantGroup;
			children = (
				64498E02225F22D100AD670B /* Base */,
			);
			name = Main.storyboard;
			sourceTree = "<group>";
		};
		64498E06225F22D300AD670B /* LaunchScreen.storyboard */ = {
			isa = PBXVariantGroup;
			children = (
				64498E07225F22D300AD670B /* Base */,
			);
			name = LaunchScreen.storyboard;
			sourceTree = "<group>";
		};
/* End PBXVariantGroup section */

/* Begin XCBuildConfiguration section */
		64498E0A225F22D300AD670B /* Debug */ = {
			isa = XCBuildConfiguration;
			buildSettings = {
				ALWAYS_SEARCH_USER_PATHS = NO;
				CLANG_ANALYZER_NONNULL = YES;
				CLANG_ANALYZER_NUMBER_OBJECT_CONVERSION = YES_AGGRESSIVE;
				CLANG_CXX_LANGUAGE_STANDARD = "gnu++14";
				CLANG_CXX_LIBRARY = "libc++";
				CLANG_ENABLE_MODULES = YES;
				CLANG_ENABLE_OBJC_ARC = YES;
				CLANG_ENABLE_OBJC_WEAK = YES;
				CLANG_WARN_BLOCK_CAPTURE_AUTORELEASING = YES;
				CLANG_WARN_BOOL_CONVERSION = YES;
				CLANG_WARN_COMMA = YES;
				CLANG_WARN_CONSTANT_CONVERSION = YES;
				CLANG_WARN_DEPRECATED_OBJC_IMPLEMENTATIONS = YES;
				CLANG_WARN_DIRECT_OBJC_ISA_USAGE = YES_ERROR;
				CLANG_WARN_DOCUMENTATION_COMMENTS = YES;
				CLANG_WARN_EMPTY_BODY = YES;
				CLANG_WARN_ENUM_CONVERSION = YES;
				CLANG_WARN_INFINITE_RECURSION = YES;
				CLANG_WARN_INT_CONVERSION = YES;
				CLANG_WARN_NON_LITERAL_NULL_CONVERSION = YES;
				CLANG_WARN_OBJC_IMPLICIT_RETAIN_SELF = YES;
				CLANG_WARN_OBJC_LITERAL_CONVERSION = YES;
				CLANG_WARN_OBJC_ROOT_CLASS = YES_ERROR;
				CLANG_WARN_RANGE_LOOP_ANALYSIS = YES;
				CLANG_WARN_STRICT_PROTOTYPES = YES;
				CLANG_WARN_SUSPICIOUS_MOVE = YES;
				CLANG_WARN_UNGUARDED_AVAILABILITY = YES_AGGRESSIVE;
				CLANG_WARN_UNREACHABLE_CODE = YES;
				CLANG_WARN__DUPLICATE_METHOD_MATCH = YES;
				CODE_SIGN_IDENTITY = "iPhone Developer";
				COPY_PHASE_STRIP = NO;
				DEBUG_INFORMATION_FORMAT = dwarf;
				ENABLE_STRICT_OBJC_MSGSEND = YES;
				ENABLE_TESTABILITY = YES;
				GCC_C_LANGUAGE_STANDARD = gnu11;
				GCC_DYNAMIC_NO_PIC = NO;
				GCC_NO_COMMON_BLOCKS = YES;
				GCC_OPTIMIZATION_LEVEL = 0;
				GCC_PREPROCESSOR_DEFINITIONS = (
					"DEBUG=1",
					"$(inherited)",
				);
				GCC_WARN_64_TO_32_BIT_CONVERSION = YES;
				GCC_WARN_ABOUT_RETURN_TYPE = YES_ERROR;
				GCC_WARN_UNDECLARED_SELECTOR = YES;
				GCC_WARN_UNINITIALIZED_AUTOS = YES_AGGRESSIVE;
				GCC_WARN_UNUSED_FUNCTION = YES;
				GCC_WARN_UNUSED_VARIABLE = YES;
				IPHONEOS_DEPLOYMENT_TARGET = 12.2;
				MTL_ENABLE_DEBUG_INFO = INCLUDE_SOURCE;
				MTL_FAST_MATH = YES;
				ONLY_ACTIVE_ARCH = YES;
				SDKROOT = iphoneos;
				SWIFT_ACTIVE_COMPILATION_CONDITIONS = DEBUG;
				SWIFT_OPTIMIZATION_LEVEL = "-Onone";
			};
			name = Debug;
		};
		64498E0B225F22D300AD670B /* Release */ = {
			isa = XCBuildConfiguration;
			buildSettings = {
				ALWAYS_SEARCH_USER_PATHS = NO;
				CLANG_ANALYZER_NONNULL = YES;
				CLANG_ANALYZER_NUMBER_OBJECT_CONVERSION = YES_AGGRESSIVE;
				CLANG_CXX_LANGUAGE_STANDARD = "gnu++14";
				CLANG_CXX_LIBRARY = "libc++";
				CLANG_ENABLE_MODULES = YES;
				CLANG_ENABLE_OBJC_ARC = YES;
				CLANG_ENABLE_OBJC_WEAK = YES;
				CLANG_WARN_BLOCK_CAPTURE_AUTORELEASING = YES;
				CLANG_WARN_BOOL_CONVERSION = YES;
				CLANG_WARN_COMMA = YES;
				CLANG_WARN_CONSTANT_CONVERSION = YES;
				CLANG_WARN_DEPRECATED_OBJC_IMPLEMENTATIONS = YES;
				CLANG_WARN_DIRECT_OBJC_ISA_USAGE = YES_ERROR;
				CLANG_WARN_DOCUMENTATION_COMMENTS = YES;
				CLANG_WARN_EMPTY_BODY = YES;
				CLANG_WARN_ENUM_CONVERSION = YES;
				CLANG_WARN_INFINITE_RECURSION = YES;
				CLANG_WARN_INT_CONVERSION = YES;
				CLANG_WARN_NON_LITERAL_NULL_CONVERSION = YES;
				CLANG_WARN_OBJC_IMPLICIT_RETAIN_SELF = YES;
				CLANG_WARN_OBJC_LITERAL_CONVERSION = YES;
				CLANG_WARN_OBJC_ROOT_CLASS = YES_ERROR;
				CLANG_WARN_RANGE_LOOP_ANALYSIS = YES;
				CLANG_WARN_STRICT_PROTOTYPES = YES;
				CLANG_WARN_SUSPICIOUS_MOVE = YES;
				CLANG_WARN_UNGUARDED_AVAILABILITY = YES_AGGRESSIVE;
				CLANG_WARN_UNREACHABLE_CODE = YES;
				CLANG_WARN__DUPLICATE_METHOD_MATCH = YES;
				CODE_SIGN_IDENTITY = "iPhone Developer";
				COPY_PHASE_STRIP = NO;
				DEBUG_INFORMATION_FORMAT = "dwarf-with-dsym";
				ENABLE_NS_ASSERTIONS = NO;
				ENABLE_STRICT_OBJC_MSGSEND = YES;
				GCC_C_LANGUAGE_STANDARD = gnu11;
				GCC_NO_COMMON_BLOCKS = YES;
				GCC_WARN_64_TO_32_BIT_CONVERSION = YES;
				GCC_WARN_ABOUT_RETURN_TYPE = YES_ERROR;
				GCC_WARN_UNDECLARED_SELECTOR = YES;
				GCC_WARN_UNINITIALIZED_AUTOS = YES_AGGRESSIVE;
				GCC_WARN_UNUSED_FUNCTION = YES;
				GCC_WARN_UNUSED_VARIABLE = YES;
				IPHONEOS_DEPLOYMENT_TARGET = 12.2;
				MTL_ENABLE_DEBUG_INFO = NO;
				MTL_FAST_MATH = YES;
				SDKROOT = iphoneos;
				SWIFT_COMPILATION_MODE = wholemodule;
				SWIFT_OPTIMIZATION_LEVEL = "-O";
				VALIDATE_PRODUCT = YES;
			};
			name = Release;
		};
		64498E0D225F22D300AD670B /* Debug */ = {
			isa = XCBuildConfiguration;
			buildSettings = {
				ASSETCATALOG_COMPILER_APPICON_NAME = AppIcon;
				CODE_SIGN_STYLE = Automatic;
				INFOPLIST_FILE = "Connect the dots/Info.plist";
				LD_RUNPATH_SEARCH_PATHS = (
					"$(inherited)",
					"@executable_path/Frameworks",
				);
				PRODUCT_BUNDLE_IDENTIFIER = "com.elisabethroozen.Connect-the-dots";
				PRODUCT_NAME = "$(TARGET_NAME)";
				SWIFT_VERSION = 5.0;
				TARGETED_DEVICE_FAMILY = "1,2";
			};
			name = Debug;
		};
		64498E0E225F22D300AD670B /* Release */ = {
			isa = XCBuildConfiguration;
			buildSettings = {
				ASSETCATALOG_COMPILER_APPICON_NAME = AppIcon;
				CODE_SIGN_STYLE = Automatic;
				INFOPLIST_FILE = "Connect the dots/Info.plist";
				LD_RUNPATH_SEARCH_PATHS = (
					"$(inherited)",
					"@executable_path/Frameworks",
				);
				PRODUCT_BUNDLE_IDENTIFIER = "com.elisabethroozen.Connect-the-dots";
				PRODUCT_NAME = "$(TARGET_NAME)";
				SWIFT_VERSION = 5.0;
				TARGETED_DEVICE_FAMILY = "1,2";
			};
			name = Release;
		};
/* End XCBuildConfiguration section */

/* Begin XCConfigurationList section */
		64498DF5225F22D100AD670B /* Build configuration list for PBXProject "Connect the dots" */ = {
			isa = XCConfigurationList;
			buildConfigurations = (
				64498E0A225F22D300AD670B /* Debug */,
				64498E0B225F22D300AD670B /* Release */,
			);
			defaultConfigurationIsVisible = 0;
			defaultConfigurationName = Release;
		};
		64498E0C225F22D300AD670B /* Build configuration list for PBXNativeTarget "Connect the dots" */ = {
			isa = XCConfigurationList;
			buildConfigurations = (
				64498E0D225F22D300AD670B /* Debug */,
				64498E0E225F22D300AD670B /* Release */,
			);
			defaultConfigurationIsVisible = 0;
			defaultConfigurationName = Release;
		};
/* End XCConfigurationList section */
	};
	rootObject = 64498DF2225F22D100AD670B /* Project object */;
}
